
Microsoft Visual Studio Solution File, Format Version 12.00
# Visual Studio Version 17
VisualStudioVersion = 17.4.33103.184
MinimumVisualStudioVersion = 10.0.40219.1
Project("{FAE04EC0-301F-11D3-BF4B-00C04F79EFBC}") = "OrderingNumbersGame", "OrderingNumbersGame\OrderingNumbersGame.csproj", "{097A8A9D-5C1C-4253-A969-6B0FFF901110}"
EndProject
Global
	GlobalSection(SolutionConfigurationPlatforms) = preSolution
		Debug|Any CPU = Debug|Any CPU
		Release|Any CPU = Release|Any CPU
	EndGlobalSection
	GlobalSection(ProjectConfigurationPlatforms) = postSolution
		{097A8A9D-5C1C-4253-A969-6B0FFF901110}.Debug|Any CPU.ActiveCfg = Debug|Any CPU
		{097A8A9D-5C1C-4253-A969-6B0FFF901110}.Debug|Any CPU.Build.0 = Debug|Any CPU
		{097A8A9D-5C1C-4253-A969-6B0FFF901110}.Release|Any CPU.ActiveCfg = Release|Any CPU
		{097A8A9D-5C1C-4253-A969-6B0FFF901110}.Release|Any CPU.Build.0 = Release|Any CPU
	EndGlobalSection
	GlobalSection(SolutionProperties) = preSolution
		HideSolutionNode = FALSE
	EndGlobalSection
	GlobalSection(ExtensibilityGlobals) = postSolution
		SolutionGuid = {F3EE6696-8812-40B0-89D5-44CF245C6904}
	EndGlobalSection
EndGlobal
